<?xml version="1.0" encoding="utf-8"?>
<Project ToolsVersion="4.0" xmlns="http://schemas.microsoft.com/developer/msbuild/2003">
  <ItemGroup>
    <Filter Include="Pliki źródłowe">
      <UniqueIdentifier>{4FC737F1-C7A5-4376-A066-2A32D752A2FF}</UniqueIdentifier>
      <Extensions>cpp;c;cc;cxx;c++;cppm;ixx;def;odl;idl;hpj;bat;asm;asmx</Extensions>
    </Filter>
    <Filter Include="Pliki nagłówkowe">
      <UniqueIdentifier>{93995380-89BD-4b04-88EB-625FBE52EBFB}</UniqueIdentifier>
      <Extensions>h;hh;hpp;hxx;h++;hm;inl;inc;ipp;xsd</Extensions>
    </Filter>
    <Filter Include="Pliki zasobów">
      <UniqueIdentifier>{67DA6AB6-F800-4c08-8B7A-83BB121AAD01}</UniqueIdentifier>
      <Extensions>rc;ico;cur;bmp;dlg;rc2;rct;bin;rgs;gif;jpg;jpeg;jpe;resx;tiff;tif;png;wav;mfcribbon-ms</Extensions>
    </Filter>
    <Filter Include="Pliki źródłowe\vendor">
      <UniqueIdentifier>{a9eab557-3437-4817-b4c2-158361bafeb9}</UniqueIdentifier>
    </Filter>
    <Filter Include="Pliki źródłowe\vendor\glad">
      <UniqueIdentifier>{2844338e-0c97-4c3c-af81-129f83a0f4ac}</UniqueIdentifier>
    </Filter>
    <Filter Include="Pliki źródłowe\vendor\imgui">
      <UniqueIdentifier>{7cb9bd07-6122-4c6b-9ac8-9abb2d5f219d}</UniqueIdentifier>
    </Filter>
    <Filter Include="Pliki źródłowe\graphics">
      <UniqueIdentifier>{bd7ab468-348b-42aa-8093-2ae655b365c8}</UniqueIdentifier>
    </Filter>
    <Filter Include="Pliki nagłówkowe\graphics">
      <UniqueIdentifier>{8c8ea08d-9aeb-498a-9f26-b0c5fcfa9596}</UniqueIdentifier>
    </Filter>
    <Filter Include="Pliki zasobów\shaders">
      <UniqueIdentifier>{137f3f8c-cef5-49b7-af4f-ddbe7955ad53}</UniqueIdentifier>
    </Filter>
    <Filter Include="Pliki nagłówkowe\utils">
      <UniqueIdentifier>{82bc6cc3-22d2-4791-bec4-a8094dd6248c}</UniqueIdentifier>
    </Filter>
    <Filter Include="Pliki źródłowe\utils">
      <UniqueIdentifier>{5dc11b3d-fb31-4178-995d-8989de249181}</UniqueIdentifier>
    </Filter>
    <Filter Include="Pliki nagłówkowe\registry">
      <UniqueIdentifier>{146f176e-8bf3-41a4-b650-da3048b96f41}</UniqueIdentifier>
    </Filter>
    <Filter Include="Pliki źródłowe\registry">
      <UniqueIdentifier>{83f6c834-fa17-483f-8fc9-d90eef102e5e}</UniqueIdentifier>
    </Filter>
    <Filter Include="Pliki źródłowe\gui">
      <UniqueIdentifier>{88aad98e-1b1a-4681-bbb1-2f7ac366ffca}</UniqueIdentifier>
    </Filter>
    <Filter Include="Pliki nagłówkowe\gui">
      <UniqueIdentifier>{8984749b-3b93-4fa1-9282-b3061c582a13}</UniqueIdentifier>
    </Filter>
    <Filter Include="Pliki nagłówkowe\world">
      <UniqueIdentifier>{7a224698-664d-49eb-98e3-7cf6aa4c56af}</UniqueIdentifier>
    </Filter>
    <Filter Include="Pliki źródłowe\world">
      <UniqueIdentifier>{264f6eef-ed38-4bd5-81e7-24e59d7e8b53}</UniqueIdentifier>
    </Filter>
  </ItemGroup>
  <ItemGroup>
    <ClCompile Include="src\Main.cpp">
      <Filter>Pliki źródłowe</Filter>
    </ClCompile>
    <ClCompile Include="src\vendor\glad\glad.c">
      <Filter>Pliki źródłowe\vendor\glad</Filter>
    </ClCompile>
    <ClCompile Include="src\App.cpp">
      <Filter>Pliki źródłowe</Filter>
    </ClCompile>
    <ClCompile Include="src\Input.cpp">
      <Filter>Pliki źródłowe</Filter>
    </ClCompile>
    <ClCompile Include="src\graphics\Shader.cpp">
      <Filter>Pliki źródłowe\graphics</Filter>
    </ClCompile>
    <ClCompile Include="src\utils\FileUtils.cpp">
      <Filter>Pliki źródłowe\utils</Filter>
    </ClCompile>
    <ClCompile Include="src\utils\Debug.cpp">
      <Filter>Pliki źródłowe\utils</Filter>
    </ClCompile>
    <ClCompile Include="src\vendor\imgui\imgui.cpp">
      <Filter>Pliki źródłowe\vendor\imgui</Filter>
    </ClCompile>
    <ClCompile Include="src\vendor\imgui\imgui_demo.cpp">
      <Filter>Pliki źródłowe\vendor\imgui</Filter>
    </ClCompile>
    <ClCompile Include="src\vendor\imgui\imgui_draw.cpp">
      <Filter>Pliki źródłowe\vendor\imgui</Filter>
    </ClCompile>
    <ClCompile Include="src\vendor\imgui\imgui_impl_glfw.cpp">
      <Filter>Pliki źródłowe\vendor\imgui</Filter>
    </ClCompile>
    <ClCompile Include="src\vendor\imgui\imgui_impl_opengl3.cpp">
      <Filter>Pliki źródłowe\vendor\imgui</Filter>
    </ClCompile>
    <ClCompile Include="src\vendor\imgui\imgui_tables.cpp">
      <Filter>Pliki źródłowe\vendor\imgui</Filter>
    </ClCompile>
    <ClCompile Include="src\vendor\imgui\imgui_widgets.cpp">
      <Filter>Pliki źródłowe\vendor\imgui</Filter>
    </ClCompile>
    <ClCompile Include="src\registry\ShadersRegistry.cpp">
      <Filter>Pliki źródłowe\registry</Filter>
    </ClCompile>
    <ClCompile Include="src\gui\Gui.cpp">
      <Filter>Pliki źródłowe\gui</Filter>
    </ClCompile>
    <ClCompile Include="src\gui\Menu.cpp">
      <Filter>Pliki źródłowe\gui</Filter>
    </ClCompile>
    <ClCompile Include="src\gui\GuiWindow.cpp">
      <Filter>Pliki źródłowe</Filter>
    </ClCompile>
    <ClCompile Include="src\gui\TestGuiWindow.cpp">
      <Filter>Pliki źródłowe</Filter>
    </ClCompile>
    <ClCompile Include="src\graphics\objects\Object.cpp">
      <Filter>Pliki źródłowe\world</Filter>
    </ClCompile>
    <ClCompile Include="src\graphics\VertexArray.cpp">
      <Filter>Pliki źródłowe\graphics</Filter>
    </ClCompile>
    <ClCompile Include="src\graphics\objects\models\Model.cpp">
      <Filter>Pliki źródłowe\world</Filter>
    </ClCompile>
    <ClCompile Include="src\graphics\objects\models\Cube.cpp">
      <Filter>Pliki źródłowe</Filter>
    </ClCompile>
    <ClCompile Include="src\graphics\objects\models\Plane.cpp">
      <Filter>Pliki źródłowe</Filter>
    </ClCompile>
    <ClCompile Include="src\world\World.cpp">
      <Filter>Pliki źródłowe</Filter>
    </ClCompile>
    <ClCompile Include="src\graphics\objects\Camera.cpp">
      <Filter>Pliki źródłowe</Filter>
    </ClCompile>
  </ItemGroup>
  <ItemGroup>
    <ClInclude Include="src\App.h">
      <Filter>Pliki nagłówkowe</Filter>
    </ClInclude>
    <ClInclude Include="src\Input.h">
      <Filter>Pliki nagłówkowe</Filter>
    </ClInclude>
    <ClInclude Include="src\graphics\Shader.h">
      <Filter>Pliki nagłówkowe\graphics</Filter>
    </ClInclude>
    <ClInclude Include="src\utils\FileUtils.h">
      <Filter>Pliki nagłówkowe\utils</Filter>
    </ClInclude>
    <ClInclude Include="src\utils\Debug.h">
      <Filter>Pliki nagłówkowe\utils</Filter>
    </ClInclude>
    <ClInclude Include="src\registry\ShadersRegistry.h">
      <Filter>Pliki nagłówkowe\registry</Filter>
    </ClInclude>
    <ClInclude Include="src\gui\Gui.h">
      <Filter>Pliki nagłówkowe\gui</Filter>
    </ClInclude>
    <ClInclude Include="src\gui\Menu.h">
      <Filter>Pliki nagłówkowe\gui</Filter>
    </ClInclude>
    <ClInclude Include="src\gui\GuiWindow.h">
      <Filter>Pliki nagłówkowe</Filter>
    </ClInclude>
    <ClInclude Include="src\gui\TestGuiWindow.h">
      <Filter>Pliki nagłówkowe</Filter>
    </ClInclude>
    <ClInclude Include="src\graphics\VertexArray.h">
      <Filter>Pliki nagłówkowe\graphics</Filter>
    </ClInclude>
    <ClInclude Include="src\graphics\objects\Object.h">
      <Filter>Pliki nagłówkowe\world</Filter>
    </ClInclude>
    <ClInclude Include="src\graphics\objects\models\Model.h">
      <Filter>Pliki nagłówkowe\world</Filter>
    </ClInclude>
    <ClInclude Include="src\graphics\objects\models\Cube.h">
      <Filter>Pliki nagłówkowe</Filter>
    </ClInclude>
    <ClInclude Include="src\graphics\objects\models\Plane.h">
      <Filter>Pliki nagłówkowe</Filter>
    </ClInclude>
    <ClInclude Include="src\world\World.h">
      <Filter>Pliki nagłówkowe</Filter>
    </ClInclude>
    <ClInclude Include="src\graphics\objects\models\models.h">
      <Filter>Pliki nagłówkowe</Filter>
    </ClInclude>
    <ClInclude Include="src\graphics\objects\Camera.h">
      <Filter>Pliki nagłówkowe</Filter>
    </ClInclude>
  </ItemGroup>
  <ItemGroup>
    <None Include="shaders\basic.frag">
      <Filter>Pliki zasobów\shaders</Filter>
    </None>
    <None Include="shaders\basic.vert">
      <Filter>Pliki zasobów\shaders</Filter>
    </None>
    <None Include="shaders\mandelbrot.frag">
      <Filter>Pliki zasobów\shaders</Filter>
    </None>
    <None Include="shaders\fade.vert">
      <Filter>Pliki zasobów\shaders</Filter>
    </None>
    <None Include="shaders\fade.frag">
      <Filter>Pliki zasobów\shaders</Filter>
    </None>
  </ItemGroup>
</Project>